// !$*UTF8*$!
{
	archiveVersion = 1;
	classes = {
	};
	objectVersion = 50;
	objects = {

/* Begin PBXBuildFile section */
		8035C01B21F572CA00904DFB /* AppDelegate.swift in Sources */ = {isa = PBXBuildFile; fileRef = 8035C01A21F572CA00904DFB /* AppDelegate.swift */; };
		8035C01D21F572CA00904DFB /* ViewController.swift in Sources */ = {isa = PBXBuildFile; fileRef = 8035C01C21F572CA00904DFB /* ViewController.swift */; };
		8035C02021F572CA00904DFB /* Main.storyboard in Resources */ = {isa = PBXBuildFile; fileRef = 8035C01E21F572CA00904DFB /* Main.storyboard */; };
		8035C02221F572CC00904DFB /* Assets.xcassets in Resources */ = {isa = PBXBuildFile; fileRef = 8035C02121F572CC00904DFB /* Assets.xcassets */; };
		8035C02521F572CC00904DFB /* LaunchScreen.storyboard in Resources */ = {isa = PBXBuildFile; fileRef = 8035C02321F572CC00904DFB /* LaunchScreen.storyboard */; };
		8035C03021F572CC00904DFB /* supawitTests.swift in Sources */ = {isa = PBXBuildFile; fileRef = 8035C02F21F572CC00904DFB /* supawitTests.swift */; };
		8035C03B21F572CC00904DFB /* supawitUITests.swift in Sources */ = {isa = PBXBuildFile; fileRef = 8035C03A21F572CC00904DFB /* supawitUITests.swift */; };
/* End PBXBuildFile section */

/* Begin PBXContainerItemProxy section */
		8035C02C21F572CC00904DFB /* PBXContainerItemProxy */ = {
			isa = PBXContainerItemProxy;
			containerPortal = 8035C00F21F572CA00904DFB /* Project object */;
			proxyType = 1;
			remoteGlobalIDString = 8035C01621F572CA00904DFB;
			remoteInfo = supawit;
		};
		8035C03721F572CC00904DFB /* PBXContainerItemProxy */ = {
			isa = PBXContainerItemProxy;
			containerPortal = 8035C00F21F572CA00904DFB /* Project object */;
			proxyType = 1;
			remoteGlobalIDString = 8035C01621F572CA00904DFB;
			remoteInfo = supawit;
		};
/* End PBXContainerItemProxy section */

/* Begin PBXFileReference section */
		8035C01721F572CA00904DFB /* supawit.app */ = {isa = PBXFileReference; explicitFileType = wrapper.application; includeInIndex = 0; path = supawit.app; sourceTree = BUILT_PRODUCTS_DIR; };
		8035C01A21F572CA00904DFB /* AppDelegate.swift */ = {isa = PBXFileReference; lastKnownFileType = sourcecode.swift; path = AppDelegate.swift; sourceTree = "<group>"; };
		8035C01C21F572CA00904DFB /* ViewController.swift */ = {isa = PBXFileReference; lastKnownFileType = sourcecode.swift; path = ViewController.swift; sourceTree = "<group>"; };
		8035C01F21F572CA00904DFB /* Base */ = {isa = PBXFileReference; lastKnownFileType = file.storyboard; name = Base; path = Base.lproj/Main.storyboard; sourceTree = "<group>"; };
		8035C02121F572CC00904DFB /* Assets.xcassets */ = {isa = PBXFileReference; lastKnownFileType = folder.assetcatalog; path = Assets.xcassets; sourceTree = "<group>"; };
		8035C02421F572CC00904DFB /* Base */ = {isa = PBXFileReference; lastKnownFileType = file.storyboard; name = Base; path = Base.lproj/LaunchScreen.storyboard; sourceTree = "<group>"; };
		8035C02621F572CC00904DFB /* Info.plist */ = {isa = PBXFileReference; lastKnownFileType = text.plist.xml; path = Info.plist; sourceTree = "<group>"; };
		8035C02B21F572CC00904DFB /* supawitTests.xctest */ = {isa = PBXFileReference; explicitFileType = wrapper.cfbundle; includeInIndex = 0; path = supawitTests.xctest; sourceTree = BUILT_PRODUCTS_DIR; };
		8035C02F21F572CC00904DFB /* supawitTests.swift */ = {isa = PBXFileReference; lastKnownFileType = sourcecode.swift; path = supawitTests.swift; sourceTree = "<group>"; };
		8035C03121F572CC00904DFB /* Info.plist */ = {isa = PBXFileReference; lastKnownFileType = text.plist.xml; path = Info.plist; sourceTree = "<group>"; };
		8035C03621F572CC00904DFB /* supawitUITests.xctest */ = {isa = PBXFileReference; explicitFileType = wrapper.cfbundle; includeInIndex = 0; path = supawitUITests.xctest; sourceTree = BUILT_PRODUCTS_DIR; };
		8035C03A21F572CC00904DFB /* supawitUITests.swift */ = {isa = PBXFileReference; lastKnownFileType = sourcecode.swift; path = supawitUITests.swift; sourceTree = "<group>"; };
		8035C03C21F572CC00904DFB /* Info.plist */ = {isa = PBXFileReference; lastKnownFileType = text.plist.xml; path = Info.plist; sourceTree = "<group>"; };
/* End PBXFileReference section */

/* Begin PBXFrameworksBuildPhase section */
		8035C01421F572CA00904DFB /* Frameworks */ = {
			isa = PBXFrameworksBuildPhase;
			buildActionMask = 2147483647;
			files = (
			);
			runOnlyForDeploymentPostprocessing = 0;
		};
		8035C02821F572CC00904DFB /* Frameworks */ = {
			isa = PBXFrameworksBuildPhase;
			buildActionMask = 2147483647;
			files = (
			);
			runOnlyForDeploymentPostprocessing = 0;
		};
		8035C03321F572CC00904DFB /* Frameworks */ = {
			isa = PBXFrameworksBuildPhase;
			buildActionMask = 2147483647;
			files = (
			);
			runOnlyForDeploymentPostprocessing = 0;
		};
/* End PBXFrameworksBuildPhase section */

/* Begin PBXGroup section */
		8035C00E21F572CA00904DFB = {
			isa = PBXGroup;
			children = (
				8035C01921F572CA00904DFB /* supawit */,
				8035C02E21F572CC00904DFB /* supawitTests */,
				8035C03921F572CC00904DFB /* supawitUITests */,
				8035C01821F572CA00904DFB /* Products */,
			);
			sourceTree = "<group>";
		};
		8035C01821F572CA00904DFB /* Products */ = {
			isa = PBXGroup;
			children = (
				8035C01721F572CA00904DFB /* supawit.app */,
				8035C02B21F572CC00904DFB /* supawitTests.xctest */,
				8035C03621F572CC00904DFB /* supawitUITests.xctest */,
			);
			name = Products;
			sourceTree = "<group>";
		};
		8035C01921F572CA00904DFB /* supawit */ = {
			isa = PBXGroup;
			children = (
				8035C01A21F572CA00904DFB /* AppDelegate.swift */,
				8035C01C21F572CA00904DFB /* ViewController.swift */,
				8035C01E21F572CA00904DFB /* Main.storyboard */,
				8035C02121F572CC00904DFB /* Assets.xcassets */,
				8035C02321F572CC00904DFB /* LaunchScreen.storyboard */,
				8035C02621F572CC00904DFB /* Info.plist */,
			);
			path = supawit;
			sourceTree = "<group>";
		};
		8035C02E21F572CC00904DFB /* supawitTests */ = {
			isa = PBXGroup;
			children = (
				8035C02F21F572CC00904DFB /* supawitTests.swift */,
				8035C03121F572CC00904DFB /* Info.plist */,
			);
			path = supawitTests;
			sourceTree = "<group>";
		};
		8035C03921F572CC00904DFB /* supawitUITests */ = {
			isa = PBXGroup;
			children = (
				8035C03A21F572CC00904DFB /* supawitUITests.swift */,
				8035C03C21F572CC00904DFB /* Info.plist */,
			);
			path = supawitUITests;
			sourceTree = "<group>";
		};
/* End PBXGroup section */

/* Begin PBXNativeTarget section */
		8035C01621F572CA00904DFB /* supawit */ = {
			isa = PBXNativeTarget;
			buildConfigurationList = 8035C03F21F572CC00904DFB /* Build configuration list for PBXNativeTarget "supawit" */;
			buildPhases = (
				8035C01321F572CA00904DFB /* Sources */,
				8035C01421F572CA00904DFB /* Frameworks */,
				8035C01521F572CA00904DFB /* Resources */,
			);
			buildRules = (
			);
			dependencies = (
			);
			name = supawit;
			productName = supawit;
			productReference = 8035C01721F572CA00904DFB /* supawit.app */;
			productType = "com.apple.product-type.application";
		};
		8035C02A21F572CC00904DFB /* supawitTests */ = {
			isa = PBXNativeTarget;
			buildConfigurationList = 8035C04221F572CC00904DFB /* Build configuration list for PBXNativeTarget "supawitTests" */;
			buildPhases = (
				8035C02721F572CC00904DFB /* Sources */,
				8035C02821F572CC00904DFB /* Frameworks */,
				8035C02921F572CC00904DFB /* Resources */,
			);
			buildRules = (
			);
			dependencies = (
				8035C02D21F572CC00904DFB /* PBXTargetDependency */,
			);
			name = supawitTests;
			productName = supawitTests;
			productReference = 8035C02B21F572CC00904DFB /* supawitTests.xctest */;
			productType = "com.apple.product-type.bundle.unit-test";
		};
		8035C03521F572CC00904DFB /* supawitUITests */ = {
			isa = PBXNativeTarget;
			buildConfigurationList = 8035C04521F572CC00904DFB /* Build configuration list for PBXNativeTarget "supawitUITests" */;
			buildPhases = (
				8035C03221F572CC00904DFB /* Sources */,
				8035C03321F572CC00904DFB /* Frameworks */,
				8035C03421F572CC00904DFB /* Resources */,
			);
			buildRules = (
			);
			dependencies = (
				8035C03821F572CC00904DFB /* PBXTargetDependency */,
			);
			name = supawitUITests;
			productName = supawitUITests;
			productReference = 8035C03621F572CC00904DFB /* supawitUITests.xctest */;
			productType = "com.apple.product-type.bundle.ui-testing";
		};
/* End PBXNativeTarget section */

/* Begin PBXProject section */
		8035C00F21F572CA00904DFB /* Project object */ = {
			isa = PBXProject;
			attributes = {
				LastSwiftUpdateCheck = 1010;
				LastUpgradeCheck = 1010;
				ORGANIZATIONNAME = toto;
				TargetAttributes = {
					8035C01621F572CA00904DFB = {
						CreatedOnToolsVersion = 10.1;
					};
					8035C02A21F572CC00904DFB = {
						CreatedOnToolsVersion = 10.1;
						TestTargetID = 8035C01621F572CA00904DFB;
					};
					8035C03521F572CC00904DFB = {
						CreatedOnToolsVersion = 10.1;
						TestTargetID = 8035C01621F572CA00904DFB;
					};
				};
			};
			buildConfigurationList = 8035C01221F572CA00904DFB /* Build configuration list for PBXProject "supawit" */;
			compatibilityVersion = "Xcode 9.3";
			developmentRegion = en;
			hasScannedForEncodings = 0;
			knownRegions = (
				en,
				Base,
			);
			mainGroup = 8035C00E21F572CA00904DFB;
			productRefGroup = 8035C01821F572CA00904DFB /* Products */;
			projectDirPath = "";
			projectRoot = "";
			targets = (
				8035C01621F572CA00904DFB /* supawit */,
				8035C02A21F572CC00904DFB /* supawitTests */,
				8035C03521F572CC00904DFB /* supawitUITests */,
			);
		};
/* End PBXProject section */

/* Begin PBXResourcesBuildPhase section */
		8035C01521F572CA00904DFB /* Resources */ = {
			isa = PBXResourcesBuildPhase;
			buildActionMask = 2147483647;
			files = (
				8035C02521F572CC00904DFB /* LaunchScreen.storyboard in Resources */,
				8035C02221F572CC00904DFB /* Assets.xcassets in Resources */,
				8035C02021F572CA00904DFB /* Main.storyboard in Resources */,
			);
			runOnlyForDeploymentPostprocessing = 0;
		};
		8035C02921F572CC00904DFB /* Resources */ = {
			isa = PBXResourcesBuildPhase;
			buildActionMask = 2147483647;
			files = (
			);
			runOnlyForDeploymentPostprocessing = 0;
		};
		8035C03421F572CC00904DFB /* Resources */ = {
			isa = PBXResourcesBuildPhase;
			buildActionMask = 2147483647;
			files = (
			);
			runOnlyForDeploymentPostprocessing = 0;
		};
/* End PBXResourcesBuildPhase section */

/* Begin PBXSourcesBuildPhase section */
		8035C01321F572CA00904DFB /* Sources */ = {
			isa = PBXSourcesBuildPhase;
			buildActionMask = 2147483647;
			files = (
				8035C01D21F572CA00904DFB /* ViewController.swift in Sources */,
				8035C01B21F572CA00904DFB /* AppDelegate.swift in Sources */,
			);
			runOnlyForDeploymentPostprocessing = 0;
		};
		8035C02721F572CC00904DFB /* Sources */ = {
			isa = PBXSourcesBuildPhase;
			buildActionMask = 2147483647;
			files = (
				8035C03021F572CC00904DFB /* supawitTests.swift in Sources */,
			);
			runOnlyForDeploymentPostprocessing = 0;
		};
		8035C03221F572CC00904DFB /* Sources */ = {
			isa = PBXSourcesBuildPhase;
			buildActionMask = 2147483647;
			files = (
				8035C03B21F572CC00904DFB /* supawitUITests.swift in Sources */,
			);
			runOnlyForDeploymentPostprocessing = 0;
		};
/* End PBXSourcesBuildPhase section */

/* Begin PBXTargetDependency section */
		8035C02D21F572CC00904DFB /* PBXTargetDependency */ = {
			isa = PBXTargetDependency;
			target = 8035C01621F572CA00904DFB /* supawit */;
			targetProxy = 8035C02C21F572CC00904DFB /* PBXContainerItemProxy */;
		};
		8035C03821F572CC00904DFB /* PBXTargetDependency */ = {
			isa = PBXTargetDependency;
			target = 8035C01621F572CA00904DFB /* supawit */;
			targetProxy = 8035C03721F572CC00904DFB /* PBXContainerItemProxy */;
		};
/* End PBXTargetDependency section */

/* Begin PBXVariantGroup section */
		8035C01E21F572CA00904DFB /* Main.storyboard */ = {
			isa = PBXVariantGroup;
			children = (
				8035C01F21F572CA00904DFB /* Base */,
			);
			name = Main.storyboard;
			sourceTree = "<group>";
		};
		8035C02321F572CC00904DFB /* LaunchScreen.storyboard */ = {
			isa = PBXVariantGroup;
			children = (
				8035C02421F572CC00904DFB /* Base */,
			);
			name = LaunchScreen.storyboard;
			sourceTree = "<group>";
		};
/* End PBXVariantGroup section */

/* Begin XCBuildConfiguration section */
		8035C03D21F572CC00904DFB /* Debug */ = {
			isa = XCBuildConfiguration;
			buildSettings = {
				ALWAYS_SEARCH_USER_PATHS = NO;
				CLANG_ANALYZER_NONNULL = YES;
				CLANG_ANALYZER_NUMBER_OBJECT_CONVERSION = YES_AGGRESSIVE;
				CLANG_CXX_LANGUAGE_STANDARD = "gnu++14";
				CLANG_CXX_LIBRARY = "libc++";
				CLANG_ENABLE_MODULES = YES;
				CLANG_ENABLE_OBJC_ARC = YES;
				CLANG_ENABLE_OBJC_WEAK = YES;
				CLANG_WARN_BLOCK_CAPTURE_AUTORELEASING = YES;
				CLANG_WARN_BOOL_CONVERSION = YES;
				CLANG_WARN_COMMA = YES;
				CLANG_WARN_CONSTANT_CONVERSION = YES;
				CLANG_WARN_DEPRECATED_OBJC_IMPLEMENTATIONS = YES;
				CLANG_WARN_DIRECT_OBJC_ISA_USAGE = YES_ERROR;
				CLANG_WARN_DOCUMENTATION_COMMENTS = YES;
				CLANG_WARN_EMPTY_BODY = YES;
				CLANG_WARN_ENUM_CONVERSION = YES;
				CLANG_WARN_INFINITE_RECURSION = YES;
				CLANG_WARN_INT_CONVERSION = YES;
				CLANG_WARN_NON_LITERAL_NULL_CONVERSION = YES;
				CLANG_WARN_OBJC_IMPLICIT_RETAIN_SELF = YES;
				CLANG_WARN_OBJC_LITERAL_CONVERSION = YES;
				CLANG_WARN_OBJC_ROOT_CLASS = YES_ERROR;
				CLANG_WARN_RANGE_LOOP_ANALYSIS = YES;
				CLANG_WARN_STRICT_PROTOTYPES = YES;
				CLANG_WARN_SUSPICIOUS_MOVE = YES;
				CLANG_WARN_UNGUARDED_AVAILABILITY = YES_AGGRESSIVE;
				CLANG_WARN_UNREACHABLE_CODE = YES;
				CLANG_WARN__DUPLICATE_METHOD_MATCH = YES;
				CODE_SIGN_IDENTITY = "iPhone Developer";
				COPY_PHASE_STRIP = NO;
				DEBUG_INFORMATION_FORMAT = dwarf;
				ENABLE_STRICT_OBJC_MSGSEND = YES;
				ENABLE_TESTABILITY = YES;
				GCC_C_LANGUAGE_STANDARD = gnu11;
				GCC_DYNAMIC_NO_PIC = NO;
				GCC_NO_COMMON_BLOCKS = YES;
				GCC_OPTIMIZATION_LEVEL = 0;
				GCC_PREPROCESSOR_DEFINITIONS = (
					"DEBUG=1",
					"$(inherited)",
				);
				GCC_WARN_64_TO_32_BIT_CONVERSION = YES;
				GCC_WARN_ABOUT_RETURN_TYPE = YES_ERROR;
				GCC_WARN_UNDECLARED_SELECTOR = YES;
				GCC_WARN_UNINITIALIZED_AUTOS = YES_AGGRESSIVE;
				GCC_WARN_UNUSED_FUNCTION = YES;
				GCC_WARN_UNUSED_VARIABLE = YES;
				IPHONEOS_DEPLOYMENT_TARGET = 12.1;
				MTL_ENABLE_DEBUG_INFO = INCLUDE_SOURCE;
				MTL_FAST_MATH = YES;
				ONLY_ACTIVE_ARCH = YES;
				SDKROOT = iphoneos;
				SWIFT_ACTIVE_COMPILATION_CONDITIONS = DEBUG;
				SWIFT_OPTIMIZATION_LEVEL = "-Onone";
			};
			name = Debug;
		};
		8035C03E21F572CC00904DFB /* Release */ = {
			isa = XCBuildConfiguration;
			buildSettings = {
				ALWAYS_SEARCH_USER_PATHS = NO;
				CLANG_ANALYZER_NONNULL = YES;
				CLANG_ANALYZER_NUMBER_OBJECT_CONVERSION = YES_AGGRESSIVE;
				CLANG_CXX_LANGUAGE_STANDARD = "gnu++14";
				CLANG_CXX_LIBRARY = "libc++";
				CLANG_ENABLE_MODULES = YES;
				CLANG_ENABLE_OBJC_ARC = YES;
				CLANG_ENABLE_OBJC_WEAK = YES;
				CLANG_WARN_BLOCK_CAPTURE_AUTORELEASING = YES;
				CLANG_WARN_BOOL_CONVERSION = YES;
				CLANG_WARN_COMMA = YES;
				CLANG_WARN_CONSTANT_CONVERSION = YES;
				CLANG_WARN_DEPRECATED_OBJC_IMPLEMENTATIONS = YES;
				CLANG_WARN_DIRECT_OBJC_ISA_USAGE = YES_ERROR;
				CLANG_WARN_DOCUMENTATION_COMMENTS = YES;
				CLANG_WARN_EMPTY_BODY = YES;
				CLANG_WARN_ENUM_CONVERSION = YES;
				CLANG_WARN_INFINITE_RECURSION = YES;
				CLANG_WARN_INT_CONVERSION = YES;
				CLANG_WARN_NON_LITERAL_NULL_CONVERSION = YES;
				CLANG_WARN_OBJC_IMPLICIT_RETAIN_SELF = YES;
				CLANG_WARN_OBJC_LITERAL_CONVERSION = YES;
				CLANG_WARN_OBJC_ROOT_CLASS = YES_ERROR;
				CLANG_WARN_RANGE_LOOP_ANALYSIS = YES;
				CLANG_WARN_STRICT_PROTOTYPES = YES;
				CLANG_WARN_SUSPICIOUS_MOVE = YES;
				CLANG_WARN_UNGUARDED_AVAILABILITY = YES_AGGRESSIVE;
				CLANG_WARN_UNREACHABLE_CODE = YES;
				CLANG_WARN__DUPLICATE_METHOD_MATCH = YES;
				CODE_SIGN_IDENTITY = "iPhone Developer";
				COPY_PHASE_STRIP = NO;
				DEBUG_INFORMATION_FORMAT = "dwarf-with-dsym";
				ENABLE_NS_ASSERTIONS = NO;
				ENABLE_STRICT_OBJC_MSGSEND = YES;
				GCC_C_LANGUAGE_STANDARD = gnu11;
				GCC_NO_COMMON_BLOCKS = YES;
				GCC_WARN_64_TO_32_BIT_CONVERSION = YES;
				GCC_WARN_ABOUT_RETURN_TYPE = YES_ERROR;
				GCC_WARN_UNDECLARED_SELECTOR = YES;
				GCC_WARN_UNINITIALIZED_AUTOS = YES_AGGRESSIVE;
				GCC_WARN_UNUSED_FUNCTION = YES;
				GCC_WARN_UNUSED_VARIABLE = YES;
				IPHONEOS_DEPLOYMENT_TARGET = 12.1;
				MTL_ENABLE_DEBUG_INFO = NO;
				MTL_FAST_MATH = YES;
				SDKROOT = iphoneos;
				SWIFT_COMPILATION_MODE = wholemodule;
				SWIFT_OPTIMIZATION_LEVEL = "-O";
				VALIDATE_PRODUCT = YES;
			};
			name = Release;
		};
		8035C04021F572CC00904DFB /* Debug */ = {
			isa = XCBuildConfiguration;
			buildSettings = {
				ASSETCATALOG_COMPILER_APPICON_NAME = AppIcon;
				CODE_SIGN_STYLE = Automatic;
				INFOPLIST_FILE = supawit/Info.plist;
				LD_RUNPATH_SEARCH_PATHS = (
					"$(inherited)",
					"@executable_path/Frameworks",
				);
				PRODUCT_BUNDLE_IDENTIFIER = devchamp.supawit;
				PRODUCT_NAME = "$(TARGET_NAME)";
				SWIFT_VERSION = 4.2;
				TARGETED_DEVICE_FAMILY = "1,2";
			};
			name = Debug;
		};
		8035C04121F572CC00904DFB /* Release */ = {
			isa = XCBuildConfiguration;
			buildSettings = {
				ASSETCATALOG_COMPILER_APPICON_NAME = AppIcon;
				CODE_SIGN_STYLE = Automatic;
				INFOPLIST_FILE = supawit/Info.plist;
				LD_RUNPATH_SEARCH_PATHS = (
					"$(inherited)",
					"@executable_path/Frameworks",
				);
				PRODUCT_BUNDLE_IDENTIFIER = devchamp.supawit;
				PRODUCT_NAME = "$(TARGET_NAME)";
				SWIFT_VERSION = 4.2;
				TARGETED_DEVICE_FAMILY = "1,2";
			};
			name = Release;
		};
		8035C04321F572CC00904DFB /* Debug */ = {
			isa = XCBuildConfiguration;
			buildSettings = {
				ALWAYS_EMBED_SWIFT_STANDARD_LIBRARIES = YES;
				BUNDLE_LOADER = "$(TEST_HOST)";
				CODE_SIGN_STYLE = Automatic;
				INFOPLIST_FILE = supawitTests/Info.plist;
				LD_RUNPATH_SEARCH_PATHS = (
					"$(inherited)",
					"@executable_path/Frameworks",
					"@loader_path/Frameworks",
				);
				PRODUCT_BUNDLE_IDENTIFIER = devchamp.supawitTests;
				PRODUCT_NAME = "$(TARGET_NAME)";
				SWIFT_VERSION = 4.2;
				TARGETED_DEVICE_FAMILY = "1,2";
				TEST_HOST = "$(BUILT_PRODUCTS_DIR)/supawit.app/supawit";
			};
			name = Debug;
		};
		8035C04421F572CC00904DFB /* Release */ = {
			isa = XCBuildConfiguration;
			buildSettings = {
				ALWAYS_EMBED_SWIFT_STANDARD_LIBRARIES = YES;
				BUNDLE_LOADER = "$(TEST_HOST)";
				CODE_SIGN_STYLE = Automatic;
				INFOPLIST_FILE = supawitTests/Info.plist;
				LD_RUNPATH_SEARCH_PATHS = (
					"$(inherited)",
					"@executable_path/Frameworks",
					"@loader_path/Frameworks",
				);
				PRODUCT_BUNDLE_IDENTIFIER = devchamp.supawitTests;
				PRODUCT_NAME = "$(TARGET_NAME)";
				SWIFT_VERSION = 4.2;
				TARGETED_DEVICE_FAMILY = "1,2";
				TEST_HOST = "$(BUILT_PRODUCTS_DIR)/supawit.app/supawit";
			};
			name = Release;
		};
		8035C04621F572CC00904DFB /* Debug */ = {
			isa = XCBuildConfiguration;
			buildSettings = {
				ALWAYS_EMBED_SWIFT_STANDARD_LIBRARIES = YES;
				CODE_SIGN_STYLE = Automatic;
				INFOPLIST_FILE = supawitUITests/Info.plist;
				LD_RUNPATH_SEARCH_PATHS = (
					"$(inherited)",
					"@executable_path/Frameworks",
					"@loader_path/Frameworks",
				);
				PRODUCT_BUNDLE_IDENTIFIER = devchamp.supawitUITests;
				PRODUCT_NAME = "$(TARGET_NAME)";
				SWIFT_VERSION = 4.2;
				TARGETED_DEVICE_FAMILY = "1,2";
				TEST_TARGET_NAME = supawit;
			};
			name = Debug;
		};
		8035C04721F572CC00904DFB /* Release */ = {
			isa = XCBuildConfiguration;
			buildSettings = {
				ALWAYS_EMBED_SWIFT_STANDARD_LIBRARIES = YES;
				CODE_SIGN_STYLE = Automatic;
				INFOPLIST_FILE = supawitUITests/Info.plist;
				LD_RUNPATH_SEARCH_PATHS = (
					"$(inherited)",
					"@executable_path/Frameworks",
					"@loader_path/Frameworks",
				);
				PRODUCT_BUNDLE_IDENTIFIER = devchamp.supawitUITests;
				PRODUCT_NAME = "$(TARGET_NAME)";
				SWIFT_VERSION = 4.2;
				TARGETED_DEVICE_FAMILY = "1,2";
				TEST_TARGET_NAME = supawit;
			};
			name = Release;
		};
/* End XCBuildConfiguration section */

/* Begin XCConfigurationList section */
		8035C01221F572CA00904DFB /* Build configuration list for PBXProject "supawit" */ = {
			isa = XCConfigurationList;
			buildConfigurations = (
				8035C03D21F572CC00904DFB /* Debug */,
				8035C03E21F572CC00904DFB /* Release */,
			);
			defaultConfigurationIsVisible = 0;
			defaultConfigurationName = Release;
		};
		8035C03F21F572CC00904DFB /* Build configuration list for PBXNativeTarget "supawit" */ = {
			isa = XCConfigurationList;
			buildConfigurations = (
				8035C04021F572CC00904DFB /* Debug */,
				8035C04121F572CC00904DFB /* Release */,
			);
			defaultConfigurationIsVisible = 0;
			defaultConfigurationName = Release;
		};
		8035C04221F572CC00904DFB /* Build configuration list for PBXNativeTarget "supawitTests" */ = {
			isa = XCConfigurationList;
			buildConfigurations = (
				8035C04321F572CC00904DFB /* Debug */,
				8035C04421F572CC00904DFB /* Release */,
			);
			defaultConfigurationIsVisible = 0;
			defaultConfigurationName = Release;
		};
		8035C04521F572CC00904DFB /* Build configuration list for PBXNativeTarget "supawitUITests" */ = {
			isa = XCConfigurationList;
			buildConfigurations = (
				8035C04621F572CC00904DFB /* Debug */,
				8035C04721F572CC00904DFB /* Release */,
			);
			defaultConfigurationIsVisible = 0;
			defaultConfigurationName = Release;
		};
/* End XCConfigurationList section */
	};
	rootObject = 8035C00F21F572CA00904DFB /* Project object */;
}
